
Microsoft Visual Studio Solution File, Format Version 12.00
# Visual Studio Version 16
VisualStudioVersion = 16.0.31025.194
MinimumVisualStudioVersion = 10.0.40219.1
Project("{FAE04EC0-301F-11D3-BF4B-00C04F79EFBC}") = "WinChartApp", "WinChartApp\WinChartApp.csproj", "{76C71341-1595-4C6F-BABD-57FE7F909F96}"
EndProject
Project("{FAE04EC0-301F-11D3-BF4B-00C04F79EFBC}") = "ImageViewerApp", "ImageViewerApp\ImageViewerApp.csproj", "{1D465100-04F0-437F-8102-F81F9BF3E8C0}"
EndProject
Global
	GlobalSection(SolutionConfigurationPlatforms) = preSolution
		Debug|Any CPU = Debug|Any CPU
		Release|Any CPU = Release|Any CPU
	EndGlobalSection
	GlobalSection(ProjectConfigurationPlatforms) = postSolution
		{76C71341-1595-4C6F-BABD-57FE7F909F96}.Debug|Any CPU.ActiveCfg = Debug|Any CPU
		{76C71341-1595-4C6F-BABD-57FE7F909F96}.Debug|Any CPU.Build.0 = Debug|Any CPU
		{76C71341-1595-4C6F-BABD-57FE7F909F96}.Release|Any CPU.ActiveCfg = Release|Any CPU
		{76C71341-1595-4C6F-BABD-57FE7F909F96}.Release|Any CPU.Build.0 = Release|Any CPU
		{1D465100-04F0-437F-8102-F81F9BF3E8C0}.Debug|Any CPU.ActiveCfg = Debug|Any CPU
		{1D465100-04F0-437F-8102-F81F9BF3E8C0}.Debug|Any CPU.Build.0 = Debug|Any CPU
		{1D465100-04F0-437F-8102-F81F9BF3E8C0}.Release|Any CPU.ActiveCfg = Release|Any CPU
		{1D465100-04F0-437F-8102-F81F9BF3E8C0}.Release|Any CPU.Build.0 = Release|Any CPU
	EndGlobalSection
	GlobalSection(SolutionProperties) = preSolution
		HideSolutionNode = FALSE
	EndGlobalSection
	GlobalSection(ExtensibilityGlobals) = postSolution
		SolutionGuid = {97EABC8C-9261-4BB1-B22F-2500F7E64C85}
	EndGlobalSection
EndGlobal
