
Microsoft Visual Studio Solution File, Format Version 12.00
# Visual Studio Version 16
VisualStudioVersion = 16.0.31025.194
MinimumVisualStudioVersion = 10.0.40219.1
Project("{FAE04EC0-301F-11D3-BF4B-00C04F79EFBC}") = "SnakeBiteGame", "SnakeBiteGame\SnakeBiteGame.csproj", "{F96D41C2-176E-4104-B7F8-B012F4E9D6A9}"
EndProject
Global
	GlobalSection(SolutionConfigurationPlatforms) = preSolution
		Debug|Any CPU = Debug|Any CPU
		Release|Any CPU = Release|Any CPU
	EndGlobalSection
	GlobalSection(ProjectConfigurationPlatforms) = postSolution
		{F96D41C2-176E-4104-B7F8-B012F4E9D6A9}.Debug|Any CPU.ActiveCfg = Debug|Any CPU
		{F96D41C2-176E-4104-B7F8-B012F4E9D6A9}.Debug|Any CPU.Build.0 = Debug|Any CPU
		{F96D41C2-176E-4104-B7F8-B012F4E9D6A9}.Release|Any CPU.ActiveCfg = Release|Any CPU
		{F96D41C2-176E-4104-B7F8-B012F4E9D6A9}.Release|Any CPU.Build.0 = Release|Any CPU
	EndGlobalSection
	GlobalSection(SolutionProperties) = preSolution
		HideSolutionNode = FALSE
	EndGlobalSection
	GlobalSection(ExtensibilityGlobals) = postSolution
		SolutionGuid = {E45E5833-05C1-4B92-9599-88D81ED85F39}
	EndGlobalSection
EndGlobal
